// !$*UTF8*$!
{
	archiveVersion = 1;
	classes = {
	};
	objectVersion = 50;
	objects = {

/* Begin PBXBuildFile section */
		729C6DB720F7BA7500DA5F56 /* AppDelegate.swift in Sources */ = {isa = PBXBuildFile; fileRef = 729C6DB620F7BA7500DA5F56 /* AppDelegate.swift */; };
		729C6DB920F7BA7500DA5F56 /* MainViewController.swift in Sources */ = {isa = PBXBuildFile; fileRef = 729C6DB820F7BA7500DA5F56 /* MainViewController.swift */; };
		729C6DBC20F7BA7600DA5F56 /* Main.storyboard in Resources */ = {isa = PBXBuildFile; fileRef = 729C6DBA20F7BA7600DA5F56 /* Main.storyboard */; };
		729C6DBE20F7BAA200DA5F56 /* Assets.xcassets in Resources */ = {isa = PBXBuildFile; fileRef = 729C6DBD20F7BAA200DA5F56 /* Assets.xcassets */; };
		729C6DC120F7BAA200DA5F56 /* LaunchScreen.storyboard in Resources */ = {isa = PBXBuildFile; fileRef = 729C6DBF20F7BAA200DA5F56 /* LaunchScreen.storyboard */; };
		729C6DCE20F90CE300DA5F56 /* HomeMenuCollectionViewCell.swift in Sources */ = {isa = PBXBuildFile; fileRef = 729C6DCC20F90CE300DA5F56 /* HomeMenuCollectionViewCell.swift */; };
		729C6DCF20F90CE300DA5F56 /* HomeMenuCollectionViewCell.xib in Resources */ = {isa = PBXBuildFile; fileRef = 729C6DCD20F90CE300DA5F56 /* HomeMenuCollectionViewCell.xib */; };
		72A61F3020FD1EA300F146C5 /* TabBarViewController.swift in Sources */ = {isa = PBXBuildFile; fileRef = 72A61F2F20FD1EA200F146C5 /* TabBarViewController.swift */; };
		72A61F3920FE526B00F146C5 /* Swipe.swift in Sources */ = {isa = PBXBuildFile; fileRef = 72A61F3820FE526B00F146C5 /* Swipe.swift */; };
		72A61F3B20FE528D00F146C5 /* HomeTabViewController.swift in Sources */ = {isa = PBXBuildFile; fileRef = 72A61F3A20FE528D00F146C5 /* HomeTabViewController.swift */; };
		72A61F3D20FE52A000F146C5 /* AlertTabViewController.swift in Sources */ = {isa = PBXBuildFile; fileRef = 72A61F3C20FE52A000F146C5 /* AlertTabViewController.swift */; };
		72A61F3F20FE52AD00F146C5 /* ProfileTabViewController.swift in Sources */ = {isa = PBXBuildFile; fileRef = 72A61F3E20FE52AD00F146C5 /* ProfileTabViewController.swift */; };
		72A61F4320FE5BAC00F146C5 /* TblBaseCellView.swift in Sources */ = {isa = PBXBuildFile; fileRef = 72A61F4120FE5BAB00F146C5 /* TblBaseCellView.swift */; };
		72A61F4420FE5BAC00F146C5 /* TblBaseCellView.xib in Resources */ = {isa = PBXBuildFile; fileRef = 72A61F4220FE5BAC00F146C5 /* TblBaseCellView.xib */; };
		72A61F472100F3D200F146C5 /* TblBaseHome.swift in Sources */ = {isa = PBXBuildFile; fileRef = 72A61F452100F3D100F146C5 /* TblBaseHome.swift */; };
		72A61F482100F3D200F146C5 /* TblBaseHome.xib in Resources */ = {isa = PBXBuildFile; fileRef = 72A61F462100F3D200F146C5 /* TblBaseHome.xib */; };
		72AAFB142110D00A0097A021 /* FirstViewController.swift in Sources */ = {isa = PBXBuildFile; fileRef = 72AAFB132110D00A0097A021 /* FirstViewController.swift */; };
		72AAFB162111A06F0097A021 /* SecoundViewController.swift in Sources */ = {isa = PBXBuildFile; fileRef = 72AAFB152111A06F0097A021 /* SecoundViewController.swift */; };
/* End PBXBuildFile section */

/* Begin PBXFileReference section */
		729C6DB320F7BA7500DA5F56 /* Dawat Nama.app */ = {isa = PBXFileReference; explicitFileType = wrapper.application; includeInIndex = 0; path = "Dawat Nama.app"; sourceTree = BUILT_PRODUCTS_DIR; };
		729C6DB620F7BA7500DA5F56 /* AppDelegate.swift */ = {isa = PBXFileReference; lastKnownFileType = sourcecode.swift; path = AppDelegate.swift; sourceTree = "<group>"; };
		729C6DB820F7BA7500DA5F56 /* MainViewController.swift */ = {isa = PBXFileReference; lastKnownFileType = sourcecode.swift; path = MainViewController.swift; sourceTree = "<group>"; };
		729C6DBB20F7BA7600DA5F56 /* Base */ = {isa = PBXFileReference; lastKnownFileType = file.storyboard; name = Base; path = Base.lproj/Main.storyboard; sourceTree = "<group>"; };
		729C6DBD20F7BAA200DA5F56 /* Assets.xcassets */ = {isa = PBXFileReference; lastKnownFileType = folder.assetcatalog; path = Assets.xcassets; sourceTree = "<group>"; };
		729C6DC020F7BAA200DA5F56 /* Base */ = {isa = PBXFileReference; lastKnownFileType = file.storyboard; name = Base; path = Base.lproj/LaunchScreen.storyboard; sourceTree = "<group>"; };
		729C6DC220F7BAA200DA5F56 /* Info.plist */ = {isa = PBXFileReference; lastKnownFileType = text.plist.xml; path = Info.plist; sourceTree = "<group>"; };
		729C6DCC20F90CE300DA5F56 /* HomeMenuCollectionViewCell.swift */ = {isa = PBXFileReference; lastKnownFileType = sourcecode.swift; path = HomeMenuCollectionViewCell.swift; sourceTree = "<group>"; };
		729C6DCD20F90CE300DA5F56 /* HomeMenuCollectionViewCell.xib */ = {isa = PBXFileReference; lastKnownFileType = file.xib; path = HomeMenuCollectionViewCell.xib; sourceTree = "<group>"; };
		72A61F2F20FD1EA200F146C5 /* TabBarViewController.swift */ = {isa = PBXFileReference; lastKnownFileType = sourcecode.swift; path = TabBarViewController.swift; sourceTree = "<group>"; };
		72A61F3820FE526B00F146C5 /* Swipe.swift */ = {isa = PBXFileReference; lastKnownFileType = sourcecode.swift; path = Swipe.swift; sourceTree = "<group>"; };
		72A61F3A20FE528D00F146C5 /* HomeTabViewController.swift */ = {isa = PBXFileReference; lastKnownFileType = sourcecode.swift; path = HomeTabViewController.swift; sourceTree = "<group>"; };
		72A61F3C20FE52A000F146C5 /* AlertTabViewController.swift */ = {isa = PBXFileReference; lastKnownFileType = sourcecode.swift; path = AlertTabViewController.swift; sourceTree = "<group>"; };
		72A61F3E20FE52AD00F146C5 /* ProfileTabViewController.swift */ = {isa = PBXFileReference; lastKnownFileType = sourcecode.swift; path = ProfileTabViewController.swift; sourceTree = "<group>"; };
		72A61F4120FE5BAB00F146C5 /* TblBaseCellView.swift */ = {isa = PBXFileReference; lastKnownFileType = sourcecode.swift; path = TblBaseCellView.swift; sourceTree = "<group>"; };
		72A61F4220FE5BAC00F146C5 /* TblBaseCellView.xib */ = {isa = PBXFileReference; lastKnownFileType = file.xib; path = TblBaseCellView.xib; sourceTree = "<group>"; };
		72A61F452100F3D100F146C5 /* TblBaseHome.swift */ = {isa = PBXFileReference; lastKnownFileType = sourcecode.swift; path = TblBaseHome.swift; sourceTree = "<group>"; };
		72A61F462100F3D200F146C5 /* TblBaseHome.xib */ = {isa = PBXFileReference; lastKnownFileType = file.xib; path = TblBaseHome.xib; sourceTree = "<group>"; };
		72AAFB132110D00A0097A021 /* FirstViewController.swift */ = {isa = PBXFileReference; lastKnownFileType = sourcecode.swift; path = FirstViewController.swift; sourceTree = "<group>"; };
		72AAFB152111A06F0097A021 /* SecoundViewController.swift */ = {isa = PBXFileReference; lastKnownFileType = sourcecode.swift; path = SecoundViewController.swift; sourceTree = "<group>"; };
/* End PBXFileReference section */

/* Begin PBXFrameworksBuildPhase section */
		729C6DB020F7BA7500DA5F56 /* Frameworks */ = {
			isa = PBXFrameworksBuildPhase;
			buildActionMask = 2147483647;
			files = (
			);
			runOnlyForDeploymentPostprocessing = 0;
		};
/* End PBXFrameworksBuildPhase section */

/* Begin PBXGroup section */
		729C6DAA20F7BA7400DA5F56 = {
			isa = PBXGroup;
			children = (
				729C6DB520F7BA7500DA5F56 /* Dawat Nama */,
				729C6DB420F7BA7500DA5F56 /* Products */,
			);
			sourceTree = "<group>";
		};
		729C6DB420F7BA7500DA5F56 /* Products */ = {
			isa = PBXGroup;
			children = (
				729C6DB320F7BA7500DA5F56 /* Dawat Nama.app */,
			);
			name = Products;
			sourceTree = "<group>";
		};
		729C6DB520F7BA7500DA5F56 /* Dawat Nama */ = {
			isa = PBXGroup;
			children = (
				729C6DC920F7BBB400DA5F56 /* Model */,
				729C6DC820F7BBAA00DA5F56 /* View */,
				729C6DCA20F7BBBB00DA5F56 /* Controller */,
				729C6DCB20F7BBC400DA5F56 /* Support */,
				729C6DBD20F7BAA200DA5F56 /* Assets.xcassets */,
			);
			path = "Dawat Nama";
			sourceTree = "<group>";
		};
		729C6DC820F7BBAA00DA5F56 /* View */ = {
			isa = PBXGroup;
			children = (
				729C6DBA20F7BA7600DA5F56 /* Main.storyboard */,
				729C6DBF20F7BAA200DA5F56 /* LaunchScreen.storyboard */,
			);
			path = View;
			sourceTree = "<group>";
		};
		729C6DC920F7BBB400DA5F56 /* Model */ = {
			isa = PBXGroup;
			children = (
			);
			path = Model;
			sourceTree = "<group>";
		};
		729C6DCA20F7BBBB00DA5F56 /* Controller */ = {
			isa = PBXGroup;
			children = (
				72AAFB122110CF8F0097A021 /* Invite */,
				72A61F3720FE51F800F146C5 /* TabViewController */,
				72A61F3620FE51F200F146C5 /* Helper */,
				729C6DB620F7BA7500DA5F56 /* AppDelegate.swift */,
				729C6DB820F7BA7500DA5F56 /* MainViewController.swift */,
				729C6DCC20F90CE300DA5F56 /* HomeMenuCollectionViewCell.swift */,
				729C6DD020F90D0000DA5F56 /* MenuCellView */,
				72A61F2F20FD1EA200F146C5 /* TabBarViewController.swift */,
			);
			path = Controller;
			sourceTree = "<group>";
		};
		729C6DCB20F7BBC400DA5F56 /* Support */ = {
			isa = PBXGroup;
			children = (
				729C6DC220F7BAA200DA5F56 /* Info.plist */,
			);
			path = Support;
			sourceTree = "<group>";
		};
		729C6DD020F90D0000DA5F56 /* MenuCellView */ = {
			isa = PBXGroup;
			children = (
				729C6DCD20F90CE300DA5F56 /* HomeMenuCollectionViewCell.xib */,
			);
			path = MenuCellView;
			sourceTree = "<group>";
		};
		72A61F3620FE51F200F146C5 /* Helper */ = {
			isa = PBXGroup;
			children = (
				72A61F3820FE526B00F146C5 /* Swipe.swift */,
			);
			name = Helper;
			sourceTree = "<group>";
		};
		72A61F3720FE51F800F146C5 /* TabViewController */ = {
			isa = PBXGroup;
			children = (
				72A61F4020FE5B8E00F146C5 /* TblCellView */,
				72A61F3A20FE528D00F146C5 /* HomeTabViewController.swift */,
				72A61F3C20FE52A000F146C5 /* AlertTabViewController.swift */,
				72A61F3E20FE52AD00F146C5 /* ProfileTabViewController.swift */,
			);
			name = TabViewController;
			sourceTree = "<group>";
		};
		72A61F4020FE5B8E00F146C5 /* TblCellView */ = {
			isa = PBXGroup;
			children = (
				72A61F4120FE5BAB00F146C5 /* TblBaseCellView.swift */,
				72A61F4220FE5BAC00F146C5 /* TblBaseCellView.xib */,
				72A61F452100F3D100F146C5 /* TblBaseHome.swift */,
				72A61F462100F3D200F146C5 /* TblBaseHome.xib */,
			);
			path = TblCellView;
			sourceTree = "<group>";
		};
		72AAFB122110CF8F0097A021 /* Invite */ = {
			isa = PBXGroup;
			children = (
				72AAFB132110D00A0097A021 /* FirstViewController.swift */,
				72AAFB152111A06F0097A021 /* SecoundViewController.swift */,
			);
			path = Invite;
			sourceTree = "<group>";
		};
/* End PBXGroup section */

/* Begin PBXNativeTarget section */
		729C6DB220F7BA7500DA5F56 /* Dawat Nama */ = {
			isa = PBXNativeTarget;
			buildConfigurationList = 729C6DC520F7BAA200DA5F56 /* Build configuration list for PBXNativeTarget "Dawat Nama" */;
			buildPhases = (
				729C6DAF20F7BA7500DA5F56 /* Sources */,
				729C6DB020F7BA7500DA5F56 /* Frameworks */,
				729C6DB120F7BA7500DA5F56 /* Resources */,
			);
			buildRules = (
			);
			dependencies = (
			);
			name = "Dawat Nama";
			productName = "Dawat Nama";
			productReference = 729C6DB320F7BA7500DA5F56 /* Dawat Nama.app */;
			productType = "com.apple.product-type.application";
		};
/* End PBXNativeTarget section */

/* Begin PBXProject section */
		729C6DAB20F7BA7400DA5F56 /* Project object */ = {
			isa = PBXProject;
			attributes = {
				LastSwiftUpdateCheck = 0930;
				LastUpgradeCheck = 0930;
				ORGANIZATIONNAME = Codiansoft;
				TargetAttributes = {
					729C6DB220F7BA7500DA5F56 = {
						CreatedOnToolsVersion = 9.3;
					};
				};
			};
			buildConfigurationList = 729C6DAE20F7BA7500DA5F56 /* Build configuration list for PBXProject "Dawat Nama" */;
			compatibilityVersion = "Xcode 9.3";
			developmentRegion = en;
			hasScannedForEncodings = 0;
			knownRegions = (
				en,
				Base,
			);
			mainGroup = 729C6DAA20F7BA7400DA5F56;
			productRefGroup = 729C6DB420F7BA7500DA5F56 /* Products */;
			projectDirPath = "";
			projectRoot = "";
			targets = (
				729C6DB220F7BA7500DA5F56 /* Dawat Nama */,
			);
		};
/* End PBXProject section */

/* Begin PBXResourcesBuildPhase section */
		729C6DB120F7BA7500DA5F56 /* Resources */ = {
			isa = PBXResourcesBuildPhase;
			buildActionMask = 2147483647;
			files = (
				72A61F482100F3D200F146C5 /* TblBaseHome.xib in Resources */,
				72A61F4420FE5BAC00F146C5 /* TblBaseCellView.xib in Resources */,
				729C6DCF20F90CE300DA5F56 /* HomeMenuCollectionViewCell.xib in Resources */,
				729C6DC120F7BAA200DA5F56 /* LaunchScreen.storyboard in Resources */,
				729C6DBE20F7BAA200DA5F56 /* Assets.xcassets in Resources */,
				729C6DBC20F7BA7600DA5F56 /* Main.storyboard in Resources */,
			);
			runOnlyForDeploymentPostprocessing = 0;
		};
/* End PBXResourcesBuildPhase section */

/* Begin PBXSourcesBuildPhase section */
		729C6DAF20F7BA7500DA5F56 /* Sources */ = {
			isa = PBXSourcesBuildPhase;
			buildActionMask = 2147483647;
			files = (
				72A61F3F20FE52AD00F146C5 /* ProfileTabViewController.swift in Sources */,
				72A61F3020FD1EA300F146C5 /* TabBarViewController.swift in Sources */,
				72A61F472100F3D200F146C5 /* TblBaseHome.swift in Sources */,
				72A61F3D20FE52A000F146C5 /* AlertTabViewController.swift in Sources */,
				72A61F4320FE5BAC00F146C5 /* TblBaseCellView.swift in Sources */,
				729C6DCE20F90CE300DA5F56 /* HomeMenuCollectionViewCell.swift in Sources */,
				72AAFB162111A06F0097A021 /* SecoundViewController.swift in Sources */,
				72A61F3920FE526B00F146C5 /* Swipe.swift in Sources */,
				729C6DB920F7BA7500DA5F56 /* MainViewController.swift in Sources */,
				729C6DB720F7BA7500DA5F56 /* AppDelegate.swift in Sources */,
				72A61F3B20FE528D00F146C5 /* HomeTabViewController.swift in Sources */,
				72AAFB142110D00A0097A021 /* FirstViewController.swift in Sources */,
			);
			runOnlyForDeploymentPostprocessing = 0;
		};
/* End PBXSourcesBuildPhase section */

/* Begin PBXVariantGroup section */
		729C6DBA20F7BA7600DA5F56 /* Main.storyboard */ = {
			isa = PBXVariantGroup;
			children = (
				729C6DBB20F7BA7600DA5F56 /* Base */,
			);
			name = Main.storyboard;
			sourceTree = "<group>";
		};
		729C6DBF20F7BAA200DA5F56 /* LaunchScreen.storyboard */ = {
			isa = PBXVariantGroup;
			children = (
				729C6DC020F7BAA200DA5F56 /* Base */,
			);
			name = LaunchScreen.storyboard;
			sourceTree = "<group>";
		};
/* End PBXVariantGroup section */

/* Begin XCBuildConfiguration section */
		729C6DC320F7BAA200DA5F56 /* Debug */ = {
			isa = XCBuildConfiguration;
			buildSettings = {
				ALWAYS_SEARCH_USER_PATHS = NO;
				CLANG_ANALYZER_NONNULL = YES;
				CLANG_ANALYZER_NUMBER_OBJECT_CONVERSION = YES_AGGRESSIVE;
				CLANG_CXX_LANGUAGE_STANDARD = "gnu++14";
				CLANG_CXX_LIBRARY = "libc++";
				CLANG_ENABLE_MODULES = YES;
				CLANG_ENABLE_OBJC_ARC = YES;
				CLANG_ENABLE_OBJC_WEAK = YES;
				CLANG_WARN_BLOCK_CAPTURE_AUTORELEASING = YES;
				CLANG_WARN_BOOL_CONVERSION = YES;
				CLANG_WARN_COMMA = YES;
				CLANG_WARN_CONSTANT_CONVERSION = YES;
				CLANG_WARN_DEPRECATED_OBJC_IMPLEMENTATIONS = YES;
				CLANG_WARN_DIRECT_OBJC_ISA_USAGE = YES_ERROR;
				CLANG_WARN_DOCUMENTATION_COMMENTS = YES;
				CLANG_WARN_EMPTY_BODY = YES;
				CLANG_WARN_ENUM_CONVERSION = YES;
				CLANG_WARN_INFINITE_RECURSION = YES;
				CLANG_WARN_INT_CONVERSION = YES;
				CLANG_WARN_NON_LITERAL_NULL_CONVERSION = YES;
				CLANG_WARN_OBJC_IMPLICIT_RETAIN_SELF = YES;
				CLANG_WARN_OBJC_LITERAL_CONVERSION = YES;
				CLANG_WARN_OBJC_ROOT_CLASS = YES_ERROR;
				CLANG_WARN_RANGE_LOOP_ANALYSIS = YES;
				CLANG_WARN_STRICT_PROTOTYPES = YES;
				CLANG_WARN_SUSPICIOUS_MOVE = YES;
				CLANG_WARN_UNGUARDED_AVAILABILITY = YES_AGGRESSIVE;
				CLANG_WARN_UNREACHABLE_CODE = YES;
				CLANG_WARN__DUPLICATE_METHOD_MATCH = YES;
				CODE_SIGN_IDENTITY = "iPhone Developer";
				COPY_PHASE_STRIP = NO;
				DEBUG_INFORMATION_FORMAT = dwarf;
				ENABLE_STRICT_OBJC_MSGSEND = YES;
				ENABLE_TESTABILITY = YES;
				GCC_C_LANGUAGE_STANDARD = gnu11;
				GCC_DYNAMIC_NO_PIC = NO;
				GCC_NO_COMMON_BLOCKS = YES;
				GCC_OPTIMIZATION_LEVEL = 0;
				GCC_PREPROCESSOR_DEFINITIONS = (
					"DEBUG=1",
					"$(inherited)",
				);
				GCC_WARN_64_TO_32_BIT_CONVERSION = YES;
				GCC_WARN_ABOUT_RETURN_TYPE = YES_ERROR;
				GCC_WARN_UNDECLARED_SELECTOR = YES;
				GCC_WARN_UNINITIALIZED_AUTOS = YES_AGGRESSIVE;
				GCC_WARN_UNUSED_FUNCTION = YES;
				GCC_WARN_UNUSED_VARIABLE = YES;
				IPHONEOS_DEPLOYMENT_TARGET = 11.3;
				MTL_ENABLE_DEBUG_INFO = YES;
				ONLY_ACTIVE_ARCH = YES;
				SDKROOT = iphoneos;
				SWIFT_ACTIVE_COMPILATION_CONDITIONS = DEBUG;
				SWIFT_OPTIMIZATION_LEVEL = "-Onone";
			};
			name = Debug;
		};
		729C6DC420F7BAA200DA5F56 /* Release */ = {
			isa = XCBuildConfiguration;
			buildSettings = {
				ALWAYS_SEARCH_USER_PATHS = NO;
				CLANG_ANALYZER_NONNULL = YES;
				CLANG_ANALYZER_NUMBER_OBJECT_CONVERSION = YES_AGGRESSIVE;
				CLANG_CXX_LANGUAGE_STANDARD = "gnu++14";
				CLANG_CXX_LIBRARY = "libc++";
				CLANG_ENABLE_MODULES = YES;
				CLANG_ENABLE_OBJC_ARC = YES;
				CLANG_ENABLE_OBJC_WEAK = YES;
				CLANG_WARN_BLOCK_CAPTURE_AUTORELEASING = YES;
				CLANG_WARN_BOOL_CONVERSION = YES;
				CLANG_WARN_COMMA = YES;
				CLANG_WARN_CONSTANT_CONVERSION = YES;
				CLANG_WARN_DEPRECATED_OBJC_IMPLEMENTATIONS = YES;
				CLANG_WARN_DIRECT_OBJC_ISA_USAGE = YES_ERROR;
				CLANG_WARN_DOCUMENTATION_COMMENTS = YES;
				CLANG_WARN_EMPTY_BODY = YES;
				CLANG_WARN_ENUM_CONVERSION = YES;
				CLANG_WARN_INFINITE_RECURSION = YES;
				CLANG_WARN_INT_CONVERSION = YES;
				CLANG_WARN_NON_LITERAL_NULL_CONVERSION = YES;
				CLANG_WARN_OBJC_IMPLICIT_RETAIN_SELF = YES;
				CLANG_WARN_OBJC_LITERAL_CONVERSION = YES;
				CLANG_WARN_OBJC_ROOT_CLASS = YES_ERROR;
				CLANG_WARN_RANGE_LOOP_ANALYSIS = YES;
				CLANG_WARN_STRICT_PROTOTYPES = YES;
				CLANG_WARN_SUSPICIOUS_MOVE = YES;
				CLANG_WARN_UNGUARDED_AVAILABILITY = YES_AGGRESSIVE;
				CLANG_WARN_UNREACHABLE_CODE = YES;
				CLANG_WARN__DUPLICATE_METHOD_MATCH = YES;
				CODE_SIGN_IDENTITY = "iPhone Developer";
				COPY_PHASE_STRIP = NO;
				DEBUG_INFORMATION_FORMAT = "dwarf-with-dsym";
				ENABLE_NS_ASSERTIONS = NO;
				ENABLE_STRICT_OBJC_MSGSEND = YES;
				GCC_C_LANGUAGE_STANDARD = gnu11;
				GCC_NO_COMMON_BLOCKS = YES;
				GCC_WARN_64_TO_32_BIT_CONVERSION = YES;
				GCC_WARN_ABOUT_RETURN_TYPE = YES_ERROR;
				GCC_WARN_UNDECLARED_SELECTOR = YES;
				GCC_WARN_UNINITIALIZED_AUTOS = YES_AGGRESSIVE;
				GCC_WARN_UNUSED_FUNCTION = YES;
				GCC_WARN_UNUSED_VARIABLE = YES;
				IPHONEOS_DEPLOYMENT_TARGET = 11.3;
				MTL_ENABLE_DEBUG_INFO = NO;
				SDKROOT = iphoneos;
				SWIFT_COMPILATION_MODE = wholemodule;
				SWIFT_OPTIMIZATION_LEVEL = "-O";
				VALIDATE_PRODUCT = YES;
			};
			name = Release;
		};
		729C6DC620F7BAA200DA5F56 /* Debug */ = {
			isa = XCBuildConfiguration;
			buildSettings = {
				ASSETCATALOG_COMPILER_APPICON_NAME = AppIcon;
				CODE_SIGN_STYLE = Automatic;
				DEVELOPMENT_TEAM = W6L6HHJ7A3;
				INFOPLIST_FILE = "$(SRCROOT)/Dawat Nama/Support/Info.plist";
				IPHONEOS_DEPLOYMENT_TARGET = 9.3;
				LD_RUNPATH_SEARCH_PATHS = (
					"$(inherited)",
					"@executable_path/Frameworks",
				);
				PRODUCT_BUNDLE_IDENTIFIER = "com.codiansoft.Dawat-Nama";
				PRODUCT_NAME = "$(TARGET_NAME)";
				SWIFT_VERSION = 4.0;
				TARGETED_DEVICE_FAMILY = 1;
			};
			name = Debug;
		};
		729C6DC720F7BAA200DA5F56 /* Release */ = {
			isa = XCBuildConfiguration;
			buildSettings = {
				ASSETCATALOG_COMPILER_APPICON_NAME = AppIcon;
				CODE_SIGN_STYLE = Automatic;
				DEVELOPMENT_TEAM = W6L6HHJ7A3;
				INFOPLIST_FILE = "$(SRCROOT)/Dawat Nama/Support/Info.plist";
				IPHONEOS_DEPLOYMENT_TARGET = 9.3;
				LD_RUNPATH_SEARCH_PATHS = (
					"$(inherited)",
					"@executable_path/Frameworks",
				);
				PRODUCT_BUNDLE_IDENTIFIER = "com.codiansoft.Dawat-Nama";
				PRODUCT_NAME = "$(TARGET_NAME)";
				SWIFT_VERSION = 4.0;
				TARGETED_DEVICE_FAMILY = 1;
			};
			name = Release;
		};
/* End XCBuildConfiguration section */

/* Begin XCConfigurationList section */
		729C6DAE20F7BA7500DA5F56 /* Build configuration list for PBXProject "Dawat Nama" */ = {
			isa = XCConfigurationList;
			buildConfigurations = (
				729C6DC320F7BAA200DA5F56 /* Debug */,
				729C6DC420F7BAA200DA5F56 /* Release */,
			);
			defaultConfigurationIsVisible = 0;
			defaultConfigurationName = Release;
		};
		729C6DC520F7BAA200DA5F56 /* Build configuration list for PBXNativeTarget "Dawat Nama" */ = {
			isa = XCConfigurationList;
			buildConfigurations = (
				729C6DC620F7BAA200DA5F56 /* Debug */,
				729C6DC720F7BAA200DA5F56 /* Release */,
			);
			defaultConfigurationIsVisible = 0;
			defaultConfigurationName = Release;
		};
/* End XCConfigurationList section */
	};
	rootObject = 729C6DAB20F7BA7400DA5F56 /* Project object */;
}
